PODS:
  - UnzipKit (1.9):
    - UnzipKit/minizip-lib (= 1.9)
  - UnzipKit/minizip-lib (1.9)

DEPENDENCIES:
  - UnzipKit

SPEC REPOS:
  trunk:
    - UnzipKit

SPEC CHECKSUMS:
  UnzipKit: 40e2c20a4928f0cfde5eb05a1108c08ee3e16bdc

PODFILE CHECKSUM: 630054cc30047c79da36432705dcf98fde2cb9c0

COCOAPODS: 1.10.0
