// !$*UTF8*$!
{
	archiveVersion = 1;
	classes = {
	};
	objectVersion = 56;
	objects = {

/* Begin PBXBuildFile section */
		B621D1BD2A803E7100D072E6 /* BeatDynamicColor.framework in Frameworks */ = {isa = PBXBuildFile; fileRef = B621D1BC2A803E7100D072E6 /* BeatDynamicColor.framework */; };
		B667168E2971C0F2005B8C55 /* BeatTheme.swift in Sources */ = {isa = PBXBuildFile; fileRef = B66716872971C0F2005B8C55 /* BeatTheme.swift */; };
		B66716922971C0F2005B8C55 /* ThemeManager.m in Sources */ = {isa = PBXBuildFile; fileRef = B667168B2971C0F2005B8C55 /* ThemeManager.m */; };
		B66716932971C0F2005B8C55 /* Themes.plist in Resources */ = {isa = PBXBuildFile; fileRef = B667168C2971C0F2005B8C55 /* Themes.plist */; };
		B66716942971C0F2005B8C55 /* ThemeManager.h in Headers */ = {isa = PBXBuildFile; fileRef = B667168D2971C0F2005B8C55 /* ThemeManager.h */; settings = {ATTRIBUTES = (Public, ); }; };
		B66716C52971D0C0005B8C55 /* Cocoa.framework in Frameworks */ = {isa = PBXBuildFile; fileRef = B66716C42971D0C0005B8C55 /* Cocoa.framework */; platformFilters = (macos, ); };
		B66716CD2971D415005B8C55 /* UIKit.framework in Frameworks */ = {isa = PBXBuildFile; fileRef = B66716CC2971D415005B8C55 /* UIKit.framework */; platformFilter = ios; };
		B686FFE32971C05500789C8D /* BeatThemes.h in Headers */ = {isa = PBXBuildFile; fileRef = B686FFE22971C05500789C8D /* BeatThemes.h */; settings = {ATTRIBUTES = (Public, ); }; };
/* End PBXBuildFile section */

/* Begin PBXFileReference section */
		B621D1BC2A803E7100D072E6 /* BeatDynamicColor.framework */ = {isa = PBXFileReference; explicitFileType = wrapper.framework; path = BeatDynamicColor.framework; sourceTree = BUILT_PRODUCTS_DIR; };
		B66716872971C0F2005B8C55 /* BeatTheme.swift */ = {isa = PBXFileReference; fileEncoding = 4; lastKnownFileType = sourcecode.swift; path = BeatTheme.swift; sourceTree = "<group>"; };
		B667168B2971C0F2005B8C55 /* ThemeManager.m */ = {isa = PBXFileReference; fileEncoding = 4; lastKnownFileType = sourcecode.c.objc; path = ThemeManager.m; sourceTree = "<group>"; };
		B667168C2971C0F2005B8C55 /* Themes.plist */ = {isa = PBXFileReference; fileEncoding = 4; lastKnownFileType = text.plist.xml; path = Themes.plist; sourceTree = "<group>"; };
		B667168D2971C0F2005B8C55 /* ThemeManager.h */ = {isa = PBXFileReference; fileEncoding = 4; lastKnownFileType = sourcecode.c.h; path = ThemeManager.h; sourceTree = "<group>"; };
		B66716C42971D0C0005B8C55 /* Cocoa.framework */ = {isa = PBXFileReference; lastKnownFileType = wrapper.framework; name = Cocoa.framework; path = System/Library/Frameworks/Cocoa.framework; sourceTree = SDKROOT; };
		B66716CC2971D415005B8C55 /* UIKit.framework */ = {isa = PBXFileReference; lastKnownFileType = wrapper.framework; name = UIKit.framework; path = Platforms/iPhoneOS.platform/Developer/SDKs/iPhoneOS16.2.sdk/System/Library/Frameworks/UIKit.framework; sourceTree = DEVELOPER_DIR; };
		B67E7BCB2AEF11B100977F7D /* BeatCore.framework */ = {isa = PBXFileReference; explicitFileType = wrapper.framework; path = BeatCore.framework; sourceTree = BUILT_PRODUCTS_DIR; };
		B686FFDF2971C05500789C8D /* BeatThemes.framework */ = {isa = PBXFileReference; explicitFileType = wrapper.framework; includeInIndex = 0; path = BeatThemes.framework; sourceTree = BUILT_PRODUCTS_DIR; };
		B686FFE22971C05500789C8D /* BeatThemes.h */ = {isa = PBXFileReference; lastKnownFileType = sourcecode.c.h; path = BeatThemes.h; sourceTree = "<group>"; };
/* End PBXFileReference section */

/* Begin PBXFrameworksBuildPhase section */
		B686FFDC2971C05500789C8D /* Frameworks */ = {
			isa = PBXFrameworksBuildPhase;
			buildActionMask = 2147483647;
			files = (
				B66716C52971D0C0005B8C55 /* Cocoa.framework in Frameworks */,
				B621D1BD2A803E7100D072E6 /* BeatDynamicColor.framework in Frameworks */,
				B66716CD2971D415005B8C55 /* UIKit.framework in Frameworks */,
			);
			runOnlyForDeploymentPostprocessing = 0;
		};
/* End PBXFrameworksBuildPhase section */

/* Begin PBXGroup section */
		B66716C02971CEEB005B8C55 /* Frameworks */ = {
			isa = PBXGroup;
			children = (
				B67E7BCB2AEF11B100977F7D /* BeatCore.framework */,
				B621D1BC2A803E7100D072E6 /* BeatDynamicColor.framework */,
				B66716CC2971D415005B8C55 /* UIKit.framework */,
				B66716C42971D0C0005B8C55 /* Cocoa.framework */,
			);
			name = Frameworks;
			sourceTree = "<group>";
		};
		B686FFD52971C05500789C8D = {
			isa = PBXGroup;
			children = (
				B686FFE12971C05500789C8D /* BeatThemes */,
				B686FFE02971C05500789C8D /* Products */,
				B66716C02971CEEB005B8C55 /* Frameworks */,
			);
			sourceTree = "<group>";
		};
		B686FFE02971C05500789C8D /* Products */ = {
			isa = PBXGroup;
			children = (
				B686FFDF2971C05500789C8D /* BeatThemes.framework */,
			);
			name = Products;
			sourceTree = "<group>";
		};
		B686FFE12971C05500789C8D /* BeatThemes */ = {
			isa = PBXGroup;
			children = (
				B667168D2971C0F2005B8C55 /* ThemeManager.h */,
				B667168B2971C0F2005B8C55 /* ThemeManager.m */,
				B667168C2971C0F2005B8C55 /* Themes.plist */,
				B66716872971C0F2005B8C55 /* BeatTheme.swift */,
				B686FFE22971C05500789C8D /* BeatThemes.h */,
			);
			path = BeatThemes;
			sourceTree = "<group>";
		};
/* End PBXGroup section */

/* Begin PBXHeadersBuildPhase section */
		B686FFDA2971C05500789C8D /* Headers */ = {
			isa = PBXHeadersBuildPhase;
			buildActionMask = 2147483647;
			files = (
				B66716942971C0F2005B8C55 /* ThemeManager.h in Headers */,
				B686FFE32971C05500789C8D /* BeatThemes.h in Headers */,
			);
			runOnlyForDeploymentPostprocessing = 0;
		};
/* End PBXHeadersBuildPhase section */

/* Begin PBXNativeTarget section */
		B686FFDE2971C05500789C8D /* BeatThemes */ = {
			isa = PBXNativeTarget;
			buildConfigurationList = B686FFE62971C05500789C8D /* Build configuration list for PBXNativeTarget "BeatThemes" */;
			buildPhases = (
				B686FFDA2971C05500789C8D /* Headers */,
				B686FFDB2971C05500789C8D /* Sources */,
				B686FFDC2971C05500789C8D /* Frameworks */,
				B686FFDD2971C05500789C8D /* Resources */,
			);
			buildRules = (
			);
			dependencies = (
			);
			name = BeatThemes;
			productName = BeatThemes;
			productReference = B686FFDF2971C05500789C8D /* BeatThemes.framework */;
			productType = "com.apple.product-type.framework";
		};
/* End PBXNativeTarget section */

/* Begin PBXProject section */
		B686FFD62971C05500789C8D /* Project object */ = {
			isa = PBXProject;
			attributes = {
				BuildIndependentTargetsInParallel = 1;
				LastUpgradeCheck = 1420;
				TargetAttributes = {
					B686FFDE2971C05500789C8D = {
						CreatedOnToolsVersion = 14.2;
					};
				};
			};
			buildConfigurationList = B686FFD92971C05500789C8D /* Build configuration list for PBXProject "BeatThemes" */;
			compatibilityVersion = "Xcode 14.0";
			developmentRegion = en;
			hasScannedForEncodings = 0;
			knownRegions = (
				en,
				Base,
				fi,
			);
			mainGroup = B686FFD52971C05500789C8D;
			productRefGroup = B686FFE02971C05500789C8D /* Products */;
			projectDirPath = "";
			projectRoot = "";
			targets = (
				B686FFDE2971C05500789C8D /* BeatThemes */,
			);
		};
/* End PBXProject section */

/* Begin PBXResourcesBuildPhase section */
		B686FFDD2971C05500789C8D /* Resources */ = {
			isa = PBXResourcesBuildPhase;
			buildActionMask = 2147483647;
			files = (
				B66716932971C0F2005B8C55 /* Themes.plist in Resources */,
			);
			runOnlyForDeploymentPostprocessing = 0;
		};
/* End PBXResourcesBuildPhase section */

/* Begin PBXSourcesBuildPhase section */
		B686FFDB2971C05500789C8D /* Sources */ = {
			isa = PBXSourcesBuildPhase;
			buildActionMask = 2147483647;
			files = (
				B667168E2971C0F2005B8C55 /* BeatTheme.swift in Sources */,
				B66716922971C0F2005B8C55 /* ThemeManager.m in Sources */,
			);
			runOnlyForDeploymentPostprocessing = 0;
		};
/* End PBXSourcesBuildPhase section */

/* Begin XCBuildConfiguration section */
		B686FFE42971C05500789C8D /* Debug */ = {
			isa = XCBuildConfiguration;
			buildSettings = {
				ALWAYS_SEARCH_USER_PATHS = NO;
				CLANG_ANALYZER_NONNULL = YES;
				CLANG_ANALYZER_NUMBER_OBJECT_CONVERSION = YES_AGGRESSIVE;
				CLANG_CXX_LANGUAGE_STANDARD = "gnu++20";
				CLANG_ENABLE_MODULES = YES;
				CLANG_ENABLE_OBJC_ARC = YES;
				CLANG_ENABLE_OBJC_WEAK = YES;
				CLANG_WARN_BLOCK_CAPTURE_AUTORELEASING = YES;
				CLANG_WARN_BOOL_CONVERSION = YES;
				CLANG_WARN_COMMA = YES;
				CLANG_WARN_CONSTANT_CONVERSION = YES;
				CLANG_WARN_DEPRECATED_OBJC_IMPLEMENTATIONS = YES;
				CLANG_WARN_DIRECT_OBJC_ISA_USAGE = YES_ERROR;
				CLANG_WARN_DOCUMENTATION_COMMENTS = YES;
				CLANG_WARN_EMPTY_BODY = YES;
				CLANG_WARN_ENUM_CONVERSION = YES;
				CLANG_WARN_INFINITE_RECURSION = YES;
				CLANG_WARN_INT_CONVERSION = YES;
				CLANG_WARN_NON_LITERAL_NULL_CONVERSION = YES;
				CLANG_WARN_OBJC_IMPLICIT_RETAIN_SELF = YES;
				CLANG_WARN_OBJC_LITERAL_CONVERSION = YES;
				CLANG_WARN_OBJC_ROOT_CLASS = YES_ERROR;
				CLANG_WARN_QUOTED_INCLUDE_IN_FRAMEWORK_HEADER = YES;
				CLANG_WARN_RANGE_LOOP_ANALYSIS = YES;
				CLANG_WARN_STRICT_PROTOTYPES = YES;
				CLANG_WARN_SUSPICIOUS_MOVE = YES;
				CLANG_WARN_UNGUARDED_AVAILABILITY = YES_AGGRESSIVE;
				CLANG_WARN_UNREACHABLE_CODE = YES;
				CLANG_WARN__DUPLICATE_METHOD_MATCH = YES;
				COPY_PHASE_STRIP = NO;
				CURRENT_PROJECT_VERSION = 1;
				DEBUG_INFORMATION_FORMAT = dwarf;
				ENABLE_STRICT_OBJC_MSGSEND = YES;
				ENABLE_TESTABILITY = YES;
				GCC_C_LANGUAGE_STANDARD = gnu11;
				GCC_DYNAMIC_NO_PIC = NO;
				GCC_NO_COMMON_BLOCKS = YES;
				GCC_OPTIMIZATION_LEVEL = 0;
				GCC_PREPROCESSOR_DEFINITIONS = (
					"DEBUG=1",
					"$(inherited)",
				);
				GCC_WARN_64_TO_32_BIT_CONVERSION = YES;
				GCC_WARN_ABOUT_RETURN_TYPE = YES_ERROR;
				GCC_WARN_UNDECLARED_SELECTOR = YES;
				GCC_WARN_UNINITIALIZED_AUTOS = YES_AGGRESSIVE;
				GCC_WARN_UNUSED_FUNCTION = YES;
				GCC_WARN_UNUSED_VARIABLE = YES;
				MACOSX_DEPLOYMENT_TARGET = 12.5;
				MTL_ENABLE_DEBUG_INFO = INCLUDE_SOURCE;
				MTL_FAST_MATH = YES;
				ONLY_ACTIVE_ARCH = YES;
				SDKROOT = macosx;
				VERSIONING_SYSTEM = "apple-generic";
				VERSION_INFO_PREFIX = "";
			};
			name = Debug;
		};
		B686FFE52971C05500789C8D /* Release */ = {
			isa = XCBuildConfiguration;
			buildSettings = {
				ALWAYS_SEARCH_USER_PATHS = NO;
				CLANG_ANALYZER_NONNULL = YES;
				CLANG_ANALYZER_NUMBER_OBJECT_CONVERSION = YES_AGGRESSIVE;
				CLANG_CXX_LANGUAGE_STANDARD = "gnu++20";
				CLANG_ENABLE_MODULES = YES;
				CLANG_ENABLE_OBJC_ARC = YES;
				CLANG_ENABLE_OBJC_WEAK = YES;
				CLANG_WARN_BLOCK_CAPTURE_AUTORELEASING = YES;
				CLANG_WARN_BOOL_CONVERSION = YES;
				CLANG_WARN_COMMA = YES;
				CLANG_WARN_CONSTANT_CONVERSION = YES;
				CLANG_WARN_DEPRECATED_OBJC_IMPLEMENTATIONS = YES;
				CLANG_WARN_DIRECT_OBJC_ISA_USAGE = YES_ERROR;
				CLANG_WARN_DOCUMENTATION_COMMENTS = YES;
				CLANG_WARN_EMPTY_BODY = YES;
				CLANG_WARN_ENUM_CONVERSION = YES;
				CLANG_WARN_INFINITE_RECURSION = YES;
				CLANG_WARN_INT_CONVERSION = YES;
				CLANG_WARN_NON_LITERAL_NULL_CONVERSION = YES;
				CLANG_WARN_OBJC_IMPLICIT_RETAIN_SELF = YES;
				CLANG_WARN_OBJC_LITERAL_CONVERSION = YES;
				CLANG_WARN_OBJC_ROOT_CLASS = YES_ERROR;
				CLANG_WARN_QUOTED_INCLUDE_IN_FRAMEWORK_HEADER = YES;
				CLANG_WARN_RANGE_LOOP_ANALYSIS = YES;
				CLANG_WARN_STRICT_PROTOTYPES = YES;
				CLANG_WARN_SUSPICIOUS_MOVE = YES;
				CLANG_WARN_UNGUARDED_AVAILABILITY = YES_AGGRESSIVE;
				CLANG_WARN_UNREACHABLE_CODE = YES;
				CLANG_WARN__DUPLICATE_METHOD_MATCH = YES;
				COPY_PHASE_STRIP = NO;
				CURRENT_PROJECT_VERSION = 1;
				DEBUG_INFORMATION_FORMAT = "dwarf-with-dsym";
				ENABLE_NS_ASSERTIONS = NO;
				ENABLE_STRICT_OBJC_MSGSEND = YES;
				GCC_C_LANGUAGE_STANDARD = gnu11;
				GCC_NO_COMMON_BLOCKS = YES;
				GCC_WARN_64_TO_32_BIT_CONVERSION = YES;
				GCC_WARN_ABOUT_RETURN_TYPE = YES_ERROR;
				GCC_WARN_UNDECLARED_SELECTOR = YES;
				GCC_WARN_UNINITIALIZED_AUTOS = YES_AGGRESSIVE;
				GCC_WARN_UNUSED_FUNCTION = YES;
				GCC_WARN_UNUSED_VARIABLE = YES;
				MACOSX_DEPLOYMENT_TARGET = 12.5;
				MTL_ENABLE_DEBUG_INFO = NO;
				MTL_FAST_MATH = YES;
				SDKROOT = macosx;
				VERSIONING_SYSTEM = "apple-generic";
				VERSION_INFO_PREFIX = "";
			};
			name = Release;
		};
		B686FFE72971C05500789C8D /* Debug */ = {
			isa = XCBuildConfiguration;
			buildSettings = {
				CLANG_WARN_QUOTED_INCLUDE_IN_FRAMEWORK_HEADER = NO;
				CODE_SIGN_STYLE = Automatic;
				COMBINE_HIDPI_IMAGES = YES;
				CURRENT_PROJECT_VERSION = 1;
				DEFINES_MODULE = YES;
				DEVELOPMENT_TEAM = C3R7KAVB6V;
				DYLIB_COMPATIBILITY_VERSION = 1;
				DYLIB_CURRENT_VERSION = 1;
				DYLIB_INSTALL_NAME_BASE = "@rpath";
				GENERATE_INFOPLIST_FILE = YES;
				INFOPLIST_KEY_NSHumanReadableCopyright = "";
				INSTALL_PATH = "$(LOCAL_LIBRARY_DIR)/Frameworks";
				IPHONEOS_DEPLOYMENT_TARGET = 14.5;
				LD_RUNPATH_SEARCH_PATHS = (
					"$(inherited)",
					"@executable_path/Frameworks/",
					"@executable_path/../Frameworks",
					"@loader_path/Frameworks",
				);
				MACOSX_DEPLOYMENT_TARGET = 10.13;
				MARKETING_VERSION = 1.0;
				PRODUCT_BUNDLE_IDENTIFIER = com.kapitanFI.BeatThemes;
				PRODUCT_NAME = "$(TARGET_NAME:c99extidentifier)";
				SKIP_INSTALL = YES;
				SUPPORTED_PLATFORMS = "iphoneos iphonesimulator macosx";
				SUPPORTS_MACCATALYST = NO;
				SUPPORTS_MAC_DESIGNED_FOR_IPHONE_IPAD = NO;
				SWIFT_EMIT_LOC_STRINGS = YES;
				SWIFT_VERSION = 5.0;
				TARGETED_DEVICE_FAMILY = 2;
			};
			name = Debug;
		};
		B686FFE82971C05500789C8D /* Release */ = {
			isa = XCBuildConfiguration;
			buildSettings = {
				CLANG_WARN_QUOTED_INCLUDE_IN_FRAMEWORK_HEADER = NO;
				CODE_SIGN_STYLE = Automatic;
				COMBINE_HIDPI_IMAGES = YES;
				CURRENT_PROJECT_VERSION = 1;
				DEFINES_MODULE = YES;
				DEVELOPMENT_TEAM = C3R7KAVB6V;
				DYLIB_COMPATIBILITY_VERSION = 1;
				DYLIB_CURRENT_VERSION = 1;
				DYLIB_INSTALL_NAME_BASE = "@rpath";
				GENERATE_INFOPLIST_FILE = YES;
				INFOPLIST_KEY_NSHumanReadableCopyright = "";
				INSTALL_PATH = "$(LOCAL_LIBRARY_DIR)/Frameworks";
				IPHONEOS_DEPLOYMENT_TARGET = 14.5;
				LD_RUNPATH_SEARCH_PATHS = (
					"$(inherited)",
					"@executable_path/Frameworks/",
					"@executable_path/../Frameworks",
					"@loader_path/Frameworks",
				);
				MACOSX_DEPLOYMENT_TARGET = 10.13;
				MARKETING_VERSION = 1.0;
				PRODUCT_BUNDLE_IDENTIFIER = com.kapitanFI.BeatThemes;
				PRODUCT_NAME = "$(TARGET_NAME:c99extidentifier)";
				SKIP_INSTALL = YES;
				SUPPORTED_PLATFORMS = "iphoneos iphonesimulator macosx";
				SUPPORTS_MACCATALYST = NO;
				SUPPORTS_MAC_DESIGNED_FOR_IPHONE_IPAD = NO;
				SWIFT_EMIT_LOC_STRINGS = YES;
				SWIFT_VERSION = 5.0;
				TARGETED_DEVICE_FAMILY = 2;
			};
			name = Release;
		};
/* End XCBuildConfiguration section */

/* Begin XCConfigurationList section */
		B686FFD92971C05500789C8D /* Build configuration list for PBXProject "BeatThemes" */ = {
			isa = XCConfigurationList;
			buildConfigurations = (
				B686FFE42971C05500789C8D /* Debug */,
				B686FFE52971C05500789C8D /* Release */,
			);
			defaultConfigurationIsVisible = 0;
			defaultConfigurationName = Release;
		};
		B686FFE62971C05500789C8D /* Build configuration list for PBXNativeTarget "BeatThemes" */ = {
			isa = XCConfigurationList;
			buildConfigurations = (
				B686FFE72971C05500789C8D /* Debug */,
				B686FFE82971C05500789C8D /* Release */,
			);
			defaultConfigurationIsVisible = 0;
			defaultConfigurationName = Release;
		};
/* End XCConfigurationList section */
	};
	rootObject = B686FFD62971C05500789C8D /* Project object */;
}
