{
  "originHash" : "72fd92c7cc1a602167c3bb1ba93048d2d076c79e0b3e82c6ddc988532f751fa3",
  "pins" : [
    {
      "identity" : "sparkle",
      "kind" : "remoteSourceControl",
      "location" : "https://github.com/sparkle-project/Sparkle",
      "state" : {
        "branch" : "2.x",
        "revision" : "1a0b023e1c4d37302ae6401b8f9c38af0729e21d"
      }
    },
    {
      "identity" : "tpkeyboardavoiding",
      "kind" : "remoteSourceControl",
      "location" : "https://github.com/michaeltyson/TPKeyboardAvoiding",
      "state" : {
        "revision" : "3217d6287a6b0ecb1db65a214a2e0fba9934e417",
        "version" : "1.3.5"
      }
    }
  ],
  "version" : 3
}
