// !$*UTF8*$!
{
	archiveVersion = 1;
	classes = {
	};
	objectVersion = 56;
	objects = {

/* Begin PBXBuildFile section */
		B6273F132C8660DC0025B87F /* TrelbyImport.h in Headers */ = {isa = PBXBuildFile; fileRef = B6273F112C8660DC0025B87F /* TrelbyImport.h */; settings = {ATTRIBUTES = (Public, ); }; };
		B6273F142C8660DC0025B87F /* TrelbyImport.m in Sources */ = {isa = PBXBuildFile; fileRef = B6273F122C8660DC0025B87F /* TrelbyImport.m */; };
		B62D160A2BFE2097000EFEE5 /* OSFImport.m in Sources */ = {isa = PBXBuildFile; fileRef = B62D16082BFE2096000EFEE5 /* OSFImport.m */; };
		B62D160D2BFE209C000EFEE5 /* FadeInImport.m in Sources */ = {isa = PBXBuildFile; fileRef = B62D160C2BFE209C000EFEE5 /* FadeInImport.m */; };
		B62D16102BFE20A2000EFEE5 /* CeltxImport.m in Sources */ = {isa = PBXBuildFile; fileRef = B62D160F2BFE20A2000EFEE5 /* CeltxImport.m */; };
		B62D16132BFE20A9000EFEE5 /* HighlandImport.m in Sources */ = {isa = PBXBuildFile; fileRef = B62D16112BFE20A9000EFEE5 /* HighlandImport.m */; };
		B62D161D2BFE20CD000EFEE5 /* HTMLParser.m in Sources */ = {isa = PBXBuildFile; fileRef = B62D16152BFE20CC000EFEE5 /* HTMLParser.m */; };
		B62D161E2BFE20CD000EFEE5 /* GTMNSString+HTML.m in Sources */ = {isa = PBXBuildFile; fileRef = B62D161C2BFE20CD000EFEE5 /* GTMNSString+HTML.m */; };
		B62D161F2BFE20CD000EFEE5 /* HTMLNode.m in Sources */ = {isa = PBXBuildFile; fileRef = B62D16182BFE20CC000EFEE5 /* HTMLNode.m */; };
		B62D16212BFE20DD000EFEE5 /* UnzipKit.framework in Frameworks */ = {isa = PBXBuildFile; fileRef = B62D16202BFE20DD000EFEE5 /* UnzipKit.framework */; };
		B62D16242BFE20FD000EFEE5 /* OSFImport.h in Headers */ = {isa = PBXBuildFile; fileRef = B62D16092BFE2097000EFEE5 /* OSFImport.h */; settings = {ATTRIBUTES = (Public, ); }; };
		B62D16252BFE2103000EFEE5 /* FadeInImport.h in Headers */ = {isa = PBXBuildFile; fileRef = B62D160B2BFE209C000EFEE5 /* FadeInImport.h */; settings = {ATTRIBUTES = (Public, ); }; };
		B62D16262BFE2107000EFEE5 /* CeltxImport.h in Headers */ = {isa = PBXBuildFile; fileRef = B62D160E2BFE20A2000EFEE5 /* CeltxImport.h */; settings = {ATTRIBUTES = (Public, ); }; };
		B62D16272BFE210E000EFEE5 /* HighlandImport.h in Headers */ = {isa = PBXBuildFile; fileRef = B62D16122BFE20A9000EFEE5 /* HighlandImport.h */; settings = {ATTRIBUTES = (Public, ); }; };
		B62D16282BFE2113000EFEE5 /* GTMNSString+HTML.h in Headers */ = {isa = PBXBuildFile; fileRef = B62D161A2BFE20CC000EFEE5 /* GTMNSString+HTML.h */; };
		B62D16292BFE211B000EFEE5 /* GTMDefines.h in Headers */ = {isa = PBXBuildFile; fileRef = B62D161B2BFE20CC000EFEE5 /* GTMDefines.h */; };
		B62D162A2BFE212B000EFEE5 /* HTMLNode.h in Headers */ = {isa = PBXBuildFile; fileRef = B62D16172BFE20CC000EFEE5 /* HTMLNode.h */; };
		B62D162B2BFE2132000EFEE5 /* HTMLParser.h in Headers */ = {isa = PBXBuildFile; fileRef = B62D16162BFE20CC000EFEE5 /* HTMLParser.h */; };
		B62D16312BFE2254000EFEE5 /* FDXElement.h in Headers */ = {isa = PBXBuildFile; fileRef = B62D162D2BFE2254000EFEE5 /* FDXElement.h */; };
		B62D16322BFE2254000EFEE5 /* FDXElement.m in Sources */ = {isa = PBXBuildFile; fileRef = B62D162E2BFE2254000EFEE5 /* FDXElement.m */; };
		B62D16332BFE2254000EFEE5 /* FDXImport.m in Sources */ = {isa = PBXBuildFile; fileRef = B62D162F2BFE2254000EFEE5 /* FDXImport.m */; };
		B62D16342BFE2254000EFEE5 /* FDXImport.h in Headers */ = {isa = PBXBuildFile; fileRef = B62D16302BFE2254000EFEE5 /* FDXImport.h */; settings = {ATTRIBUTES = (Public, ); }; };
		B62D16362BFE23FB000EFEE5 /* BeatFileImportManager.swift in Sources */ = {isa = PBXBuildFile; fileRef = B62D16352BFE23FB000EFEE5 /* BeatFileImportManager.swift */; };
		B64BFAF12E5A08AC000742EA /* BeatEPubExport.swift in Sources */ = {isa = PBXBuildFile; fileRef = B64BFAF02E5A08A5000742EA /* BeatEPubExport.swift */; };
		B64BFAF42E5A0924000742EA /* ZIPFoundation in Frameworks */ = {isa = PBXBuildFile; productRef = B64BFAF32E5A0924000742EA /* ZIPFoundation */; };
		B658DCCD2CE5E9BF00DDDBDE /* BeatImportModule.h in Headers */ = {isa = PBXBuildFile; fileRef = B658DCCA2CE5E9BF00DDDBDE /* BeatImportModule.h */; settings = {ATTRIBUTES = (Public, ); }; };
		B658DCD02CE5EDB800DDDBDE /* BeatExportProgressPanel.swift in Sources */ = {isa = PBXBuildFile; fileRef = B658DCCF2CE5EDAD00DDDBDE /* BeatExportProgressPanel.swift */; };
		B658DCD22CE5EF7800DDDBDE /* BeatExportProgressModal.xib in Resources */ = {isa = PBXBuildFile; fileRef = B658DCD12CE5EF7800DDDBDE /* BeatExportProgressModal.xib */; platformFilters = (macos, ); };
		B658DCD42CE5F37A00DDDBDE /* PDFImport.swift in Sources */ = {isa = PBXBuildFile; fileRef = B658DCD32CE5F37800DDDBDE /* PDFImport.swift */; };
		B692E2E42C7A1EDA0009833F /* Final Draft Template.xml in Resources */ = {isa = PBXBuildFile; fileRef = B692E2E32C7A1EDA0009833F /* Final Draft Template.xml */; };
		B6A97C7A2BF0BDB600414878 /* BeatFileExport.h in Headers */ = {isa = PBXBuildFile; fileRef = B6A97C792BF0BDB600414878 /* BeatFileExport.h */; settings = {ATTRIBUTES = (Public, ); }; };
		B6A97C8B2BF0BDDD00414878 /* BeatFDXExport.h in Headers */ = {isa = PBXBuildFile; fileRef = B6A97C802BF0BDDD00414878 /* BeatFDXExport.h */; settings = {ATTRIBUTES = (Public, ); }; };
		B6A97C8C2BF0BDDD00414878 /* BeatFDXExport.m in Sources */ = {isa = PBXBuildFile; fileRef = B6A97C812BF0BDDD00414878 /* BeatFDXExport.m */; };
		B6A97C8F2BF0BDDD00414878 /* OutlineExtractor.h in Headers */ = {isa = PBXBuildFile; fileRef = B6A97C852BF0BDDD00414878 /* OutlineExtractor.h */; settings = {ATTRIBUTES = (Public, ); }; };
		B6A97C902BF0BDDD00414878 /* OutlineExtractor.m in Sources */ = {isa = PBXBuildFile; fileRef = B6A97C862BF0BDDD00414878 /* OutlineExtractor.m */; };
		B6A97C912BF0BDDD00414878 /* BeatRTFExport.swift in Sources */ = {isa = PBXBuildFile; fileRef = B6A97C882BF0BDDD00414878 /* BeatRTFExport.swift */; };
		B6A97C922BF0BDDD00414878 /* BeatFileExportManager.swift in Sources */ = {isa = PBXBuildFile; fileRef = B6A97C8A2BF0BDDD00414878 /* BeatFileExportManager.swift */; };
		B6A97C952BF0BE4200414878 /* BeatCore.framework in Frameworks */ = {isa = PBXBuildFile; fileRef = B6A97C942BF0BE4200414878 /* BeatCore.framework */; };
		B6A97C992BF0BE4800414878 /* BeatPagination2.framework in Frameworks */ = {isa = PBXBuildFile; fileRef = B6A97C982BF0BE4800414878 /* BeatPagination2.framework */; };
/* End PBXBuildFile section */

/* Begin PBXFileReference section */
		B6273F112C8660DC0025B87F /* TrelbyImport.h */ = {isa = PBXFileReference; lastKnownFileType = sourcecode.c.h; path = TrelbyImport.h; sourceTree = "<group>"; };
		B6273F122C8660DC0025B87F /* TrelbyImport.m */ = {isa = PBXFileReference; lastKnownFileType = sourcecode.c.objc; path = TrelbyImport.m; sourceTree = "<group>"; };
		B62D16082BFE2096000EFEE5 /* OSFImport.m */ = {isa = PBXFileReference; lastKnownFileType = sourcecode.c.objc; path = OSFImport.m; sourceTree = "<group>"; };
		B62D16092BFE2097000EFEE5 /* OSFImport.h */ = {isa = PBXFileReference; lastKnownFileType = sourcecode.c.h; path = OSFImport.h; sourceTree = "<group>"; };
		B62D160B2BFE209C000EFEE5 /* FadeInImport.h */ = {isa = PBXFileReference; lastKnownFileType = sourcecode.c.h; path = FadeInImport.h; sourceTree = "<group>"; };
		B62D160C2BFE209C000EFEE5 /* FadeInImport.m */ = {isa = PBXFileReference; lastKnownFileType = sourcecode.c.objc; path = FadeInImport.m; sourceTree = "<group>"; };
		B62D160E2BFE20A2000EFEE5 /* CeltxImport.h */ = {isa = PBXFileReference; lastKnownFileType = sourcecode.c.h; path = CeltxImport.h; sourceTree = "<group>"; };
		B62D160F2BFE20A2000EFEE5 /* CeltxImport.m */ = {isa = PBXFileReference; lastKnownFileType = sourcecode.c.objc; path = CeltxImport.m; sourceTree = "<group>"; };
		B62D16112BFE20A9000EFEE5 /* HighlandImport.m */ = {isa = PBXFileReference; lastKnownFileType = sourcecode.c.objc; path = HighlandImport.m; sourceTree = "<group>"; };
		B62D16122BFE20A9000EFEE5 /* HighlandImport.h */ = {isa = PBXFileReference; lastKnownFileType = sourcecode.c.h; path = HighlandImport.h; sourceTree = "<group>"; };
		B62D16152BFE20CC000EFEE5 /* HTMLParser.m */ = {isa = PBXFileReference; lastKnownFileType = sourcecode.c.objc; path = HTMLParser.m; sourceTree = "<group>"; };
		B62D16162BFE20CC000EFEE5 /* HTMLParser.h */ = {isa = PBXFileReference; lastKnownFileType = sourcecode.c.h; path = HTMLParser.h; sourceTree = "<group>"; };
		B62D16172BFE20CC000EFEE5 /* HTMLNode.h */ = {isa = PBXFileReference; lastKnownFileType = sourcecode.c.h; path = HTMLNode.h; sourceTree = "<group>"; };
		B62D16182BFE20CC000EFEE5 /* HTMLNode.m */ = {isa = PBXFileReference; lastKnownFileType = sourcecode.c.objc; path = HTMLNode.m; sourceTree = "<group>"; };
		B62D161A2BFE20CC000EFEE5 /* GTMNSString+HTML.h */ = {isa = PBXFileReference; lastKnownFileType = sourcecode.c.h; path = "GTMNSString+HTML.h"; sourceTree = "<group>"; };
		B62D161B2BFE20CC000EFEE5 /* GTMDefines.h */ = {isa = PBXFileReference; lastKnownFileType = sourcecode.c.h; path = GTMDefines.h; sourceTree = "<group>"; };
		B62D161C2BFE20CD000EFEE5 /* GTMNSString+HTML.m */ = {isa = PBXFileReference; lastKnownFileType = sourcecode.c.objc; path = "GTMNSString+HTML.m"; sourceTree = "<group>"; };
		B62D16202BFE20DD000EFEE5 /* UnzipKit.framework */ = {isa = PBXFileReference; explicitFileType = wrapper.framework; path = UnzipKit.framework; sourceTree = BUILT_PRODUCTS_DIR; };
		B62D162D2BFE2254000EFEE5 /* FDXElement.h */ = {isa = PBXFileReference; fileEncoding = 4; lastKnownFileType = sourcecode.c.h; path = FDXElement.h; sourceTree = "<group>"; };
		B62D162E2BFE2254000EFEE5 /* FDXElement.m */ = {isa = PBXFileReference; fileEncoding = 4; lastKnownFileType = sourcecode.c.objc; path = FDXElement.m; sourceTree = "<group>"; };
		B62D162F2BFE2254000EFEE5 /* FDXImport.m */ = {isa = PBXFileReference; fileEncoding = 4; lastKnownFileType = sourcecode.c.objc; path = FDXImport.m; sourceTree = "<group>"; };
		B62D16302BFE2254000EFEE5 /* FDXImport.h */ = {isa = PBXFileReference; fileEncoding = 4; lastKnownFileType = sourcecode.c.h; path = FDXImport.h; sourceTree = "<group>"; };
		B62D16352BFE23FB000EFEE5 /* BeatFileImportManager.swift */ = {isa = PBXFileReference; lastKnownFileType = sourcecode.swift; path = BeatFileImportManager.swift; sourceTree = "<group>"; };
		B64BFAF02E5A08A5000742EA /* BeatEPubExport.swift */ = {isa = PBXFileReference; lastKnownFileType = sourcecode.swift; path = BeatEPubExport.swift; sourceTree = "<group>"; };
		B658DCCA2CE5E9BF00DDDBDE /* BeatImportModule.h */ = {isa = PBXFileReference; lastKnownFileType = sourcecode.c.h; path = BeatImportModule.h; sourceTree = "<group>"; };
		B658DCCF2CE5EDAD00DDDBDE /* BeatExportProgressPanel.swift */ = {isa = PBXFileReference; lastKnownFileType = sourcecode.swift; path = BeatExportProgressPanel.swift; sourceTree = "<group>"; };
		B658DCD12CE5EF7800DDDBDE /* BeatExportProgressModal.xib */ = {isa = PBXFileReference; lastKnownFileType = file.xib; path = BeatExportProgressModal.xib; sourceTree = "<group>"; };
		B658DCD32CE5F37800DDDBDE /* PDFImport.swift */ = {isa = PBXFileReference; lastKnownFileType = sourcecode.swift; path = PDFImport.swift; sourceTree = "<group>"; };
		B692E2E32C7A1EDA0009833F /* Final Draft Template.xml */ = {isa = PBXFileReference; lastKnownFileType = text.xml; path = "Final Draft Template.xml"; sourceTree = "<group>"; };
		B6A97C762BF0BDB600414878 /* BeatFileExport.framework */ = {isa = PBXFileReference; explicitFileType = wrapper.framework; includeInIndex = 0; path = BeatFileExport.framework; sourceTree = BUILT_PRODUCTS_DIR; };
		B6A97C792BF0BDB600414878 /* BeatFileExport.h */ = {isa = PBXFileReference; lastKnownFileType = sourcecode.c.h; path = BeatFileExport.h; sourceTree = "<group>"; };
		B6A97C802BF0BDDD00414878 /* BeatFDXExport.h */ = {isa = PBXFileReference; fileEncoding = 4; lastKnownFileType = sourcecode.c.h; path = BeatFDXExport.h; sourceTree = "<group>"; };
		B6A97C812BF0BDDD00414878 /* BeatFDXExport.m */ = {isa = PBXFileReference; fileEncoding = 4; lastKnownFileType = sourcecode.c.objc; path = BeatFDXExport.m; sourceTree = "<group>"; };
		B6A97C822BF0BDDD00414878 /* FDXInterface.h */ = {isa = PBXFileReference; fileEncoding = 4; lastKnownFileType = sourcecode.c.h; path = FDXInterface.h; sourceTree = "<group>"; };
		B6A97C832BF0BDDD00414878 /* FDXInterface.m */ = {isa = PBXFileReference; fileEncoding = 4; lastKnownFileType = sourcecode.c.objc; path = FDXInterface.m; sourceTree = "<group>"; };
		B6A97C852BF0BDDD00414878 /* OutlineExtractor.h */ = {isa = PBXFileReference; fileEncoding = 4; lastKnownFileType = sourcecode.c.h; path = OutlineExtractor.h; sourceTree = "<group>"; };
		B6A97C862BF0BDDD00414878 /* OutlineExtractor.m */ = {isa = PBXFileReference; fileEncoding = 4; lastKnownFileType = sourcecode.c.objc; path = OutlineExtractor.m; sourceTree = "<group>"; };
		B6A97C882BF0BDDD00414878 /* BeatRTFExport.swift */ = {isa = PBXFileReference; fileEncoding = 4; lastKnownFileType = sourcecode.swift; path = BeatRTFExport.swift; sourceTree = "<group>"; };
		B6A97C8A2BF0BDDD00414878 /* BeatFileExportManager.swift */ = {isa = PBXFileReference; fileEncoding = 4; lastKnownFileType = sourcecode.swift; path = BeatFileExportManager.swift; sourceTree = "<group>"; };
		B6A97C942BF0BE4200414878 /* BeatCore.framework */ = {isa = PBXFileReference; explicitFileType = wrapper.framework; path = BeatCore.framework; sourceTree = BUILT_PRODUCTS_DIR; };
		B6A97C982BF0BE4800414878 /* BeatPagination2.framework */ = {isa = PBXFileReference; explicitFileType = wrapper.framework; path = BeatPagination2.framework; sourceTree = BUILT_PRODUCTS_DIR; };
/* End PBXFileReference section */

/* Begin PBXFrameworksBuildPhase section */
		B6A97C732BF0BDB600414878 /* Frameworks */ = {
			isa = PBXFrameworksBuildPhase;
			buildActionMask = 2147483647;
			files = (
				B6A97C952BF0BE4200414878 /* BeatCore.framework in Frameworks */,
				B6A97C992BF0BE4800414878 /* BeatPagination2.framework in Frameworks */,
				B62D16212BFE20DD000EFEE5 /* UnzipKit.framework in Frameworks */,
				B64BFAF42E5A0924000742EA /* ZIPFoundation in Frameworks */,
			);
			runOnlyForDeploymentPostprocessing = 0;
		};
/* End PBXFrameworksBuildPhase section */

/* Begin PBXGroup section */
		B6273F102C86609C0025B87F /* Trelby */ = {
			isa = PBXGroup;
			children = (
				B6273F112C8660DC0025B87F /* TrelbyImport.h */,
				B6273F122C8660DC0025B87F /* TrelbyImport.m */,
			);
			path = Trelby;
			sourceTree = "<group>";
		};
		B62D15B82BFE2059000EFEE5 /* Export */ = {
			isa = PBXGroup;
			children = (
				B6A97C8A2BF0BDDD00414878 /* BeatFileExportManager.swift */,
				B6A97C892BF0BDDD00414878 /* Modules */,
			);
			path = Export;
			sourceTree = "<group>";
		};
		B62D15B92BFE2066000EFEE5 /* Import */ = {
			isa = PBXGroup;
			children = (
				B62D16352BFE23FB000EFEE5 /* BeatFileImportManager.swift */,
				B658DCCA2CE5E9BF00DDDBDE /* BeatImportModule.h */,
				B62D16372BFE2401000EFEE5 /* Modules */,
				B62D16142BFE20CC000EFEE5 /* HTMLParser */,
			);
			path = Import;
			sourceTree = "<group>";
		};
		B62D16142BFE20CC000EFEE5 /* HTMLParser */ = {
			isa = PBXGroup;
			children = (
				B62D16192BFE20CC000EFEE5 /* NSString + HTML */,
				B62D16162BFE20CC000EFEE5 /* HTMLParser.h */,
				B62D16152BFE20CC000EFEE5 /* HTMLParser.m */,
				B62D16172BFE20CC000EFEE5 /* HTMLNode.h */,
				B62D16182BFE20CC000EFEE5 /* HTMLNode.m */,
			);
			path = HTMLParser;
			sourceTree = "<group>";
		};
		B62D16192BFE20CC000EFEE5 /* NSString + HTML */ = {
			isa = PBXGroup;
			children = (
				B62D161A2BFE20CC000EFEE5 /* GTMNSString+HTML.h */,
				B62D161B2BFE20CC000EFEE5 /* GTMDefines.h */,
				B62D161C2BFE20CD000EFEE5 /* GTMNSString+HTML.m */,
			);
			path = "NSString + HTML";
			sourceTree = "<group>";
		};
		B62D162C2BFE2249000EFEE5 /* Final Draft */ = {
			isa = PBXGroup;
			children = (
				B62D16302BFE2254000EFEE5 /* FDXImport.h */,
				B62D162F2BFE2254000EFEE5 /* FDXImport.m */,
				B62D162D2BFE2254000EFEE5 /* FDXElement.h */,
				B62D162E2BFE2254000EFEE5 /* FDXElement.m */,
			);
			path = "Final Draft";
			sourceTree = "<group>";
		};
		B62D16372BFE2401000EFEE5 /* Modules */ = {
			isa = PBXGroup;
			children = (
				B658DCC92CE5E86D00DDDBDE /* PDF */,
				B6273F102C86609C0025B87F /* Trelby */,
				B62D162C2BFE2249000EFEE5 /* Final Draft */,
				B62D16382BFE240B000EFEE5 /* OSF */,
				B62D16392BFE2416000EFEE5 /* Fade In */,
				B62D163A2BFE2425000EFEE5 /* Celtx */,
				B62D163B2BFE2430000EFEE5 /* Highland */,
			);
			path = Modules;
			sourceTree = "<group>";
		};
		B62D16382BFE240B000EFEE5 /* OSF */ = {
			isa = PBXGroup;
			children = (
				B62D16092BFE2097000EFEE5 /* OSFImport.h */,
				B62D16082BFE2096000EFEE5 /* OSFImport.m */,
			);
			path = OSF;
			sourceTree = "<group>";
		};
		B62D16392BFE2416000EFEE5 /* Fade In */ = {
			isa = PBXGroup;
			children = (
				B62D160B2BFE209C000EFEE5 /* FadeInImport.h */,
				B62D160C2BFE209C000EFEE5 /* FadeInImport.m */,
			);
			path = "Fade In";
			sourceTree = "<group>";
		};
		B62D163A2BFE2425000EFEE5 /* Celtx */ = {
			isa = PBXGroup;
			children = (
				B62D160E2BFE20A2000EFEE5 /* CeltxImport.h */,
				B62D160F2BFE20A2000EFEE5 /* CeltxImport.m */,
			);
			path = Celtx;
			sourceTree = "<group>";
		};
		B62D163B2BFE2430000EFEE5 /* Highland */ = {
			isa = PBXGroup;
			children = (
				B62D16122BFE20A9000EFEE5 /* HighlandImport.h */,
				B62D16112BFE20A9000EFEE5 /* HighlandImport.m */,
			);
			path = Highland;
			sourceTree = "<group>";
		};
		B64BFAEF2E5A089B000742EA /* ePub */ = {
			isa = PBXGroup;
			children = (
				B64BFAF02E5A08A5000742EA /* BeatEPubExport.swift */,
			);
			path = ePub;
			sourceTree = "<group>";
		};
		B658DCC92CE5E86D00DDDBDE /* PDF */ = {
			isa = PBXGroup;
			children = (
				B658DCD32CE5F37800DDDBDE /* PDFImport.swift */,
			);
			path = PDF;
			sourceTree = "<group>";
		};
		B658DCCE2CE5EDA500DDDBDE /* UI */ = {
			isa = PBXGroup;
			children = (
				B658DCCF2CE5EDAD00DDDBDE /* BeatExportProgressPanel.swift */,
				B658DCD12CE5EF7800DDDBDE /* BeatExportProgressModal.xib */,
			);
			path = UI;
			sourceTree = "<group>";
		};
		B6A97C6C2BF0BDB600414878 = {
			isa = PBXGroup;
			children = (
				B6A97C782BF0BDB600414878 /* BeatFileExport */,
				B6A97C772BF0BDB600414878 /* Products */,
				B6A97C932BF0BE4200414878 /* Frameworks */,
			);
			sourceTree = "<group>";
		};
		B6A97C772BF0BDB600414878 /* Products */ = {
			isa = PBXGroup;
			children = (
				B6A97C762BF0BDB600414878 /* BeatFileExport.framework */,
			);
			name = Products;
			sourceTree = "<group>";
		};
		B6A97C782BF0BDB600414878 /* BeatFileExport */ = {
			isa = PBXGroup;
			children = (
				B6A97C792BF0BDB600414878 /* BeatFileExport.h */,
				B62D15B92BFE2066000EFEE5 /* Import */,
				B62D15B82BFE2059000EFEE5 /* Export */,
				B658DCCE2CE5EDA500DDDBDE /* UI */,
			);
			path = BeatFileExport;
			sourceTree = "<group>";
		};
		B6A97C842BF0BDDD00414878 /* Final Draft */ = {
			isa = PBXGroup;
			children = (
				B6A97C802BF0BDDD00414878 /* BeatFDXExport.h */,
				B6A97C812BF0BDDD00414878 /* BeatFDXExport.m */,
				B6A97C822BF0BDDD00414878 /* FDXInterface.h */,
				B6A97C832BF0BDDD00414878 /* FDXInterface.m */,
				B692E2E32C7A1EDA0009833F /* Final Draft Template.xml */,
			);
			path = "Final Draft";
			sourceTree = "<group>";
		};
		B6A97C872BF0BDDD00414878 /* Outline */ = {
			isa = PBXGroup;
			children = (
				B6A97C852BF0BDDD00414878 /* OutlineExtractor.h */,
				B6A97C862BF0BDDD00414878 /* OutlineExtractor.m */,
			);
			path = Outline;
			sourceTree = "<group>";
		};
		B6A97C892BF0BDDD00414878 /* Modules */ = {
			isa = PBXGroup;
			children = (
				B64BFAEF2E5A089B000742EA /* ePub */,
				B6A97C842BF0BDDD00414878 /* Final Draft */,
				B6A97C872BF0BDDD00414878 /* Outline */,
				B6DC61512D182CC600ED708A /* RTF */,
			);
			path = Modules;
			sourceTree = "<group>";
		};
		B6A97C932BF0BE4200414878 /* Frameworks */ = {
			isa = PBXGroup;
			children = (
				B62D16202BFE20DD000EFEE5 /* UnzipKit.framework */,
				B6A97C982BF0BE4800414878 /* BeatPagination2.framework */,
				B6A97C942BF0BE4200414878 /* BeatCore.framework */,
			);
			name = Frameworks;
			sourceTree = "<group>";
		};
		B6DC61512D182CC600ED708A /* RTF */ = {
			isa = PBXGroup;
			children = (
				B6A97C882BF0BDDD00414878 /* BeatRTFExport.swift */,
			);
			path = RTF;
			sourceTree = "<group>";
		};
/* End PBXGroup section */

/* Begin PBXHeadersBuildPhase section */
		B6A97C712BF0BDB600414878 /* Headers */ = {
			isa = PBXHeadersBuildPhase;
			buildActionMask = 2147483647;
			files = (
				B62D162B2BFE2132000EFEE5 /* HTMLParser.h in Headers */,
				B62D16272BFE210E000EFEE5 /* HighlandImport.h in Headers */,
				B62D16282BFE2113000EFEE5 /* GTMNSString+HTML.h in Headers */,
				B658DCCD2CE5E9BF00DDDBDE /* BeatImportModule.h in Headers */,
				B62D16292BFE211B000EFEE5 /* GTMDefines.h in Headers */,
				B6A97C8F2BF0BDDD00414878 /* OutlineExtractor.h in Headers */,
				B62D16262BFE2107000EFEE5 /* CeltxImport.h in Headers */,
				B62D16342BFE2254000EFEE5 /* FDXImport.h in Headers */,
				B6273F132C8660DC0025B87F /* TrelbyImport.h in Headers */,
				B62D162A2BFE212B000EFEE5 /* HTMLNode.h in Headers */,
				B6A97C7A2BF0BDB600414878 /* BeatFileExport.h in Headers */,
				B62D16312BFE2254000EFEE5 /* FDXElement.h in Headers */,
				B62D16242BFE20FD000EFEE5 /* OSFImport.h in Headers */,
				B62D16252BFE2103000EFEE5 /* FadeInImport.h in Headers */,
				B6A97C8B2BF0BDDD00414878 /* BeatFDXExport.h in Headers */,
			);
			runOnlyForDeploymentPostprocessing = 0;
		};
/* End PBXHeadersBuildPhase section */

/* Begin PBXNativeTarget section */
		B6A97C752BF0BDB600414878 /* BeatFileExport */ = {
			isa = PBXNativeTarget;
			buildConfigurationList = B6A97C7D2BF0BDB600414878 /* Build configuration list for PBXNativeTarget "BeatFileExport" */;
			buildPhases = (
				B6A97C712BF0BDB600414878 /* Headers */,
				B6A97C722BF0BDB600414878 /* Sources */,
				B6A97C732BF0BDB600414878 /* Frameworks */,
				B6A97C742BF0BDB600414878 /* Resources */,
			);
			buildRules = (
			);
			dependencies = (
			);
			name = BeatFileExport;
			productName = BeatFileExport;
			productReference = B6A97C762BF0BDB600414878 /* BeatFileExport.framework */;
			productType = "com.apple.product-type.framework";
		};
/* End PBXNativeTarget section */

/* Begin PBXProject section */
		B6A97C6D2BF0BDB600414878 /* Project object */ = {
			isa = PBXProject;
			attributes = {
				BuildIndependentTargetsInParallel = 1;
				LastUpgradeCheck = 1540;
				TargetAttributes = {
					B6A97C752BF0BDB600414878 = {
						CreatedOnToolsVersion = 15.3;
						LastSwiftMigration = 1530;
					};
				};
			};
			buildConfigurationList = B6A97C702BF0BDB600414878 /* Build configuration list for PBXProject "BeatFileExport" */;
			compatibilityVersion = "Xcode 14.0";
			developmentRegion = en;
			hasScannedForEncodings = 0;
			knownRegions = (
				en,
				Base,
			);
			mainGroup = B6A97C6C2BF0BDB600414878;
			packageReferences = (
				B64BFAF22E5A0924000742EA /* XCRemoteSwiftPackageReference "ZIPFoundation" */,
			);
			productRefGroup = B6A97C772BF0BDB600414878 /* Products */;
			projectDirPath = "";
			projectRoot = "";
			targets = (
				B6A97C752BF0BDB600414878 /* BeatFileExport */,
			);
		};
/* End PBXProject section */

/* Begin PBXResourcesBuildPhase section */
		B6A97C742BF0BDB600414878 /* Resources */ = {
			isa = PBXResourcesBuildPhase;
			buildActionMask = 2147483647;
			files = (
				B658DCD22CE5EF7800DDDBDE /* BeatExportProgressModal.xib in Resources */,
				B692E2E42C7A1EDA0009833F /* Final Draft Template.xml in Resources */,
			);
			runOnlyForDeploymentPostprocessing = 0;
		};
/* End PBXResourcesBuildPhase section */

/* Begin PBXSourcesBuildPhase section */
		B6A97C722BF0BDB600414878 /* Sources */ = {
			isa = PBXSourcesBuildPhase;
			buildActionMask = 2147483647;
			files = (
				B6A97C922BF0BDDD00414878 /* BeatFileExportManager.swift in Sources */,
				B6273F142C8660DC0025B87F /* TrelbyImport.m in Sources */,
				B6A97C912BF0BDDD00414878 /* BeatRTFExport.swift in Sources */,
				B62D16332BFE2254000EFEE5 /* FDXImport.m in Sources */,
				B62D16102BFE20A2000EFEE5 /* CeltxImport.m in Sources */,
				B62D16362BFE23FB000EFEE5 /* BeatFileImportManager.swift in Sources */,
				B62D161E2BFE20CD000EFEE5 /* GTMNSString+HTML.m in Sources */,
				B62D16132BFE20A9000EFEE5 /* HighlandImport.m in Sources */,
				B62D16322BFE2254000EFEE5 /* FDXElement.m in Sources */,
				B658DCD42CE5F37A00DDDBDE /* PDFImport.swift in Sources */,
				B62D160D2BFE209C000EFEE5 /* FadeInImport.m in Sources */,
				B6A97C8C2BF0BDDD00414878 /* BeatFDXExport.m in Sources */,
				B658DCD02CE5EDB800DDDBDE /* BeatExportProgressPanel.swift in Sources */,
				B64BFAF12E5A08AC000742EA /* BeatEPubExport.swift in Sources */,
				B62D161F2BFE20CD000EFEE5 /* HTMLNode.m in Sources */,
				B6A97C902BF0BDDD00414878 /* OutlineExtractor.m in Sources */,
				B62D160A2BFE2097000EFEE5 /* OSFImport.m in Sources */,
				B62D161D2BFE20CD000EFEE5 /* HTMLParser.m in Sources */,
			);
			runOnlyForDeploymentPostprocessing = 0;
		};
/* End PBXSourcesBuildPhase section */

/* Begin XCBuildConfiguration section */
		B6A97C7B2BF0BDB600414878 /* Debug */ = {
			isa = XCBuildConfiguration;
			buildSettings = {
				ALWAYS_SEARCH_USER_PATHS = NO;
				ASSETCATALOG_COMPILER_GENERATE_SWIFT_ASSET_SYMBOL_EXTENSIONS = YES;
				CLANG_ANALYZER_NONNULL = YES;
				CLANG_ANALYZER_NUMBER_OBJECT_CONVERSION = YES_AGGRESSIVE;
				CLANG_CXX_LANGUAGE_STANDARD = "gnu++20";
				CLANG_ENABLE_MODULES = YES;
				CLANG_ENABLE_OBJC_ARC = YES;
				CLANG_ENABLE_OBJC_WEAK = YES;
				CLANG_WARN_BLOCK_CAPTURE_AUTORELEASING = YES;
				CLANG_WARN_BOOL_CONVERSION = YES;
				CLANG_WARN_COMMA = YES;
				CLANG_WARN_CONSTANT_CONVERSION = YES;
				CLANG_WARN_DEPRECATED_OBJC_IMPLEMENTATIONS = YES;
				CLANG_WARN_DIRECT_OBJC_ISA_USAGE = YES_ERROR;
				CLANG_WARN_DOCUMENTATION_COMMENTS = YES;
				CLANG_WARN_EMPTY_BODY = YES;
				CLANG_WARN_ENUM_CONVERSION = YES;
				CLANG_WARN_INFINITE_RECURSION = YES;
				CLANG_WARN_INT_CONVERSION = YES;
				CLANG_WARN_NON_LITERAL_NULL_CONVERSION = YES;
				CLANG_WARN_OBJC_IMPLICIT_RETAIN_SELF = YES;
				CLANG_WARN_OBJC_LITERAL_CONVERSION = YES;
				CLANG_WARN_OBJC_ROOT_CLASS = YES_ERROR;
				CLANG_WARN_QUOTED_INCLUDE_IN_FRAMEWORK_HEADER = YES;
				CLANG_WARN_RANGE_LOOP_ANALYSIS = YES;
				CLANG_WARN_STRICT_PROTOTYPES = YES;
				CLANG_WARN_SUSPICIOUS_MOVE = YES;
				CLANG_WARN_UNGUARDED_AVAILABILITY = YES_AGGRESSIVE;
				CLANG_WARN_UNREACHABLE_CODE = YES;
				CLANG_WARN__DUPLICATE_METHOD_MATCH = YES;
				COPY_PHASE_STRIP = NO;
				CURRENT_PROJECT_VERSION = 1;
				DEAD_CODE_STRIPPING = YES;
				DEBUG_INFORMATION_FORMAT = dwarf;
				ENABLE_STRICT_OBJC_MSGSEND = YES;
				ENABLE_TESTABILITY = YES;
				ENABLE_USER_SCRIPT_SANDBOXING = YES;
				GCC_C_LANGUAGE_STANDARD = gnu17;
				GCC_DYNAMIC_NO_PIC = NO;
				GCC_NO_COMMON_BLOCKS = YES;
				GCC_OPTIMIZATION_LEVEL = 0;
				GCC_PREPROCESSOR_DEFINITIONS = (
					"DEBUG=1",
					"$(inherited)",
				);
				GCC_WARN_64_TO_32_BIT_CONVERSION = YES;
				GCC_WARN_ABOUT_RETURN_TYPE = YES_ERROR;
				GCC_WARN_UNDECLARED_SELECTOR = YES;
				GCC_WARN_UNINITIALIZED_AUTOS = YES_AGGRESSIVE;
				GCC_WARN_UNUSED_FUNCTION = YES;
				GCC_WARN_UNUSED_VARIABLE = YES;
				LOCALIZATION_PREFERS_STRING_CATALOGS = YES;
				MACOSX_DEPLOYMENT_TARGET = 10.13;
				MTL_ENABLE_DEBUG_INFO = INCLUDE_SOURCE;
				MTL_FAST_MATH = YES;
				ONLY_ACTIVE_ARCH = YES;
				SWIFT_ACTIVE_COMPILATION_CONDITIONS = "DEBUG $(inherited)";
				SWIFT_OPTIMIZATION_LEVEL = "-Onone";
				VERSIONING_SYSTEM = "apple-generic";
				VERSION_INFO_PREFIX = "";
			};
			name = Debug;
		};
		B6A97C7C2BF0BDB600414878 /* Release */ = {
			isa = XCBuildConfiguration;
			buildSettings = {
				ALWAYS_SEARCH_USER_PATHS = NO;
				ASSETCATALOG_COMPILER_GENERATE_SWIFT_ASSET_SYMBOL_EXTENSIONS = YES;
				CLANG_ANALYZER_NONNULL = YES;
				CLANG_ANALYZER_NUMBER_OBJECT_CONVERSION = YES_AGGRESSIVE;
				CLANG_CXX_LANGUAGE_STANDARD = "gnu++20";
				CLANG_ENABLE_MODULES = YES;
				CLANG_ENABLE_OBJC_ARC = YES;
				CLANG_ENABLE_OBJC_WEAK = YES;
				CLANG_WARN_BLOCK_CAPTURE_AUTORELEASING = YES;
				CLANG_WARN_BOOL_CONVERSION = YES;
				CLANG_WARN_COMMA = YES;
				CLANG_WARN_CONSTANT_CONVERSION = YES;
				CLANG_WARN_DEPRECATED_OBJC_IMPLEMENTATIONS = YES;
				CLANG_WARN_DIRECT_OBJC_ISA_USAGE = YES_ERROR;
				CLANG_WARN_DOCUMENTATION_COMMENTS = YES;
				CLANG_WARN_EMPTY_BODY = YES;
				CLANG_WARN_ENUM_CONVERSION = YES;
				CLANG_WARN_INFINITE_RECURSION = YES;
				CLANG_WARN_INT_CONVERSION = YES;
				CLANG_WARN_NON_LITERAL_NULL_CONVERSION = YES;
				CLANG_WARN_OBJC_IMPLICIT_RETAIN_SELF = YES;
				CLANG_WARN_OBJC_LITERAL_CONVERSION = YES;
				CLANG_WARN_OBJC_ROOT_CLASS = YES_ERROR;
				CLANG_WARN_QUOTED_INCLUDE_IN_FRAMEWORK_HEADER = YES;
				CLANG_WARN_RANGE_LOOP_ANALYSIS = YES;
				CLANG_WARN_STRICT_PROTOTYPES = YES;
				CLANG_WARN_SUSPICIOUS_MOVE = YES;
				CLANG_WARN_UNGUARDED_AVAILABILITY = YES_AGGRESSIVE;
				CLANG_WARN_UNREACHABLE_CODE = YES;
				CLANG_WARN__DUPLICATE_METHOD_MATCH = YES;
				COPY_PHASE_STRIP = NO;
				CURRENT_PROJECT_VERSION = 1;
				DEAD_CODE_STRIPPING = YES;
				DEBUG_INFORMATION_FORMAT = "dwarf-with-dsym";
				ENABLE_NS_ASSERTIONS = NO;
				ENABLE_STRICT_OBJC_MSGSEND = YES;
				ENABLE_USER_SCRIPT_SANDBOXING = YES;
				GCC_C_LANGUAGE_STANDARD = gnu17;
				GCC_NO_COMMON_BLOCKS = YES;
				GCC_WARN_64_TO_32_BIT_CONVERSION = YES;
				GCC_WARN_ABOUT_RETURN_TYPE = YES_ERROR;
				GCC_WARN_UNDECLARED_SELECTOR = YES;
				GCC_WARN_UNINITIALIZED_AUTOS = YES_AGGRESSIVE;
				GCC_WARN_UNUSED_FUNCTION = YES;
				GCC_WARN_UNUSED_VARIABLE = YES;
				LOCALIZATION_PREFERS_STRING_CATALOGS = YES;
				MACOSX_DEPLOYMENT_TARGET = 10.13;
				MTL_ENABLE_DEBUG_INFO = NO;
				MTL_FAST_MATH = YES;
				SWIFT_COMPILATION_MODE = wholemodule;
				VERSIONING_SYSTEM = "apple-generic";
				VERSION_INFO_PREFIX = "";
			};
			name = Release;
		};
		B6A97C7E2BF0BDB600414878 /* Debug */ = {
			isa = XCBuildConfiguration;
			buildSettings = {
				ALLOW_TARGET_PLATFORM_SPECIALIZATION = YES;
				BUILD_LIBRARY_FOR_DISTRIBUTION = NO;
				CLANG_ENABLE_MODULES = YES;
				CODE_SIGN_IDENTITY = "";
				CODE_SIGN_STYLE = Automatic;
				CURRENT_PROJECT_VERSION = 1;
				DEAD_CODE_STRIPPING = YES;
				DEFINES_MODULE = YES;
				DEVELOPMENT_TEAM = C3R7KAVB6V;
				DYLIB_COMPATIBILITY_VERSION = 1;
				DYLIB_CURRENT_VERSION = 1;
				DYLIB_INSTALL_NAME_BASE = "@rpath";
				ENABLE_MODULE_VERIFIER = NO;
				GENERATE_INFOPLIST_FILE = YES;
				INFOPLIST_KEY_NSHumanReadableCopyright = "";
				INSTALL_PATH = "$(LOCAL_LIBRARY_DIR)/Frameworks";
				IPHONEOS_DEPLOYMENT_TARGET = 16.0;
				LD_RUNPATH_SEARCH_PATHS = (
					"@executable_path/Frameworks",
					"@loader_path/Frameworks",
				);
				"LD_RUNPATH_SEARCH_PATHS[sdk=macosx*]" = (
					"@executable_path/../Frameworks",
					"@loader_path/Frameworks",
				);
				MACOSX_DEPLOYMENT_TARGET = 10.13;
				MARKETING_VERSION = 1.0;
				MODULE_VERIFIER_SUPPORTED_LANGUAGES = "objective-c objective-c++";
				MODULE_VERIFIER_SUPPORTED_LANGUAGE_STANDARDS = "gnu17 gnu++20";
				PRODUCT_BUNDLE_IDENTIFIER = com.kapitanFI.BeatFileExport;
				PRODUCT_NAME = "$(TARGET_NAME:c99extidentifier)";
				SDKROOT = auto;
				SKIP_INSTALL = YES;
				SUPPORTED_PLATFORMS = "iphoneos iphonesimulator macosx";
				SWIFT_EMIT_LOC_STRINGS = YES;
				SWIFT_INSTALL_OBJC_HEADER = YES;
				SWIFT_OPTIMIZATION_LEVEL = "-Onone";
				SWIFT_VERSION = 5.0;
				TARGETED_DEVICE_FAMILY = "1,2";
			};
			name = Debug;
		};
		B6A97C7F2BF0BDB600414878 /* Release */ = {
			isa = XCBuildConfiguration;
			buildSettings = {
				ALLOW_TARGET_PLATFORM_SPECIALIZATION = YES;
				BUILD_LIBRARY_FOR_DISTRIBUTION = NO;
				CLANG_ENABLE_MODULES = YES;
				CODE_SIGN_IDENTITY = "";
				CODE_SIGN_STYLE = Automatic;
				CURRENT_PROJECT_VERSION = 1;
				DEAD_CODE_STRIPPING = YES;
				DEFINES_MODULE = YES;
				DEVELOPMENT_TEAM = C3R7KAVB6V;
				DYLIB_COMPATIBILITY_VERSION = 1;
				DYLIB_CURRENT_VERSION = 1;
				DYLIB_INSTALL_NAME_BASE = "@rpath";
				ENABLE_MODULE_VERIFIER = YES;
				GENERATE_INFOPLIST_FILE = YES;
				INFOPLIST_KEY_NSHumanReadableCopyright = "";
				INSTALL_PATH = "$(LOCAL_LIBRARY_DIR)/Frameworks";
				IPHONEOS_DEPLOYMENT_TARGET = 16.0;
				LD_RUNPATH_SEARCH_PATHS = (
					"@executable_path/Frameworks",
					"@loader_path/Frameworks",
				);
				"LD_RUNPATH_SEARCH_PATHS[sdk=macosx*]" = (
					"@executable_path/../Frameworks",
					"@loader_path/Frameworks",
				);
				MACOSX_DEPLOYMENT_TARGET = 10.13;
				MARKETING_VERSION = 1.0;
				MODULE_VERIFIER_SUPPORTED_LANGUAGES = "objective-c objective-c++";
				MODULE_VERIFIER_SUPPORTED_LANGUAGE_STANDARDS = "gnu17 gnu++20";
				PRODUCT_BUNDLE_IDENTIFIER = com.kapitanFI.BeatFileExport;
				PRODUCT_NAME = "$(TARGET_NAME:c99extidentifier)";
				SDKROOT = auto;
				SKIP_INSTALL = YES;
				SUPPORTED_PLATFORMS = "iphoneos iphonesimulator macosx";
				SWIFT_EMIT_LOC_STRINGS = YES;
				SWIFT_INSTALL_OBJC_HEADER = YES;
				SWIFT_VERSION = 5.0;
				TARGETED_DEVICE_FAMILY = "1,2";
			};
			name = Release;
		};
/* End XCBuildConfiguration section */

/* Begin XCConfigurationList section */
		B6A97C702BF0BDB600414878 /* Build configuration list for PBXProject "BeatFileExport" */ = {
			isa = XCConfigurationList;
			buildConfigurations = (
				B6A97C7B2BF0BDB600414878 /* Debug */,
				B6A97C7C2BF0BDB600414878 /* Release */,
			);
			defaultConfigurationIsVisible = 0;
			defaultConfigurationName = Release;
		};
		B6A97C7D2BF0BDB600414878 /* Build configuration list for PBXNativeTarget "BeatFileExport" */ = {
			isa = XCConfigurationList;
			buildConfigurations = (
				B6A97C7E2BF0BDB600414878 /* Debug */,
				B6A97C7F2BF0BDB600414878 /* Release */,
			);
			defaultConfigurationIsVisible = 0;
			defaultConfigurationName = Release;
		};
/* End XCConfigurationList section */

/* Begin XCRemoteSwiftPackageReference section */
		B64BFAF22E5A0924000742EA /* XCRemoteSwiftPackageReference "ZIPFoundation" */ = {
			isa = XCRemoteSwiftPackageReference;
			repositoryURL = "https://github.com/weichsel/ZIPFoundation/";
			requirement = {
				kind = upToNextMajorVersion;
				minimumVersion = 0.9.19;
			};
		};
/* End XCRemoteSwiftPackageReference section */

/* Begin XCSwiftPackageProductDependency section */
		B64BFAF32E5A0924000742EA /* ZIPFoundation */ = {
			isa = XCSwiftPackageProductDependency;
			package = B64BFAF22E5A0924000742EA /* XCRemoteSwiftPackageReference "ZIPFoundation" */;
			productName = ZIPFoundation;
		};
/* End XCSwiftPackageProductDependency section */
	};
	rootObject = B6A97C6D2BF0BDB600414878 /* Project object */;
}
